<?xml version="1.0" encoding="utf-8"?>
<Project ToolsVersion="4.0" xmlns="http://schemas.microsoft.com/developer/msbuild/2003">
  <ItemGroup>
    <ClCompile Include="main.cpp" />
    <ClCompile Include="Vec2.cpp">
      <Filter>Math</Filter>
    </ClCompile>
    <ClCompile Include="Vec3.cpp">
      <Filter>Math</Filter>
    </ClCompile>
    <ClCompile Include="HittableList.cpp">
      <Filter>Rendering</Filter>
    </ClCompile>
    <ClCompile Include="Color.cpp">
      <Filter>Image</Filter>
    </ClCompile>
    <ClCompile Include="Sphere.cpp">
      <Filter>Shapes</Filter>
    </ClCompile>
    <ClCompile Include="Camera.cpp">
      <Filter>Scene</Filter>
    </ClCompile>
    <ClCompile Include="MovingSphere.cpp">
      <Filter>Shapes</Filter>
    </ClCompile>
    <ClCompile Include="AxisAlignedBoundingBox.cpp">
      <Filter>Rendering</Filter>
    </ClCompile>
    <ClCompile Include="BoundingVolumeNode.cpp">
      <Filter>Rendering</Filter>
    </ClCompile>
    <ClCompile Include="Perlin.cpp">
      <Filter>Noise</Filter>
    </ClCompile>
    <ClCompile Include="DiffuseLight.cpp">
      <Filter>Materials</Filter>
    </ClCompile>
    <ClCompile Include="XYRectangle.cpp">
      <Filter>Shapes</Filter>
    </ClCompile>
    <ClCompile Include="XZRectangle.cpp">
      <Filter>Shapes</Filter>
    </ClCompile>
    <ClCompile Include="YZRectangle.cpp">
      <Filter>Shapes</Filter>
    </ClCompile>
    <ClCompile Include="Box.cpp">
      <Filter>Shapes</Filter>
    </ClCompile>
    <ClCompile Include="Translate.cpp">
      <Filter>Shapes</Filter>
    </ClCompile>
    <ClCompile Include="YRotation.cpp">
      <Filter>Shapes</Filter>
    </ClCompile>
  </ItemGroup>
  <ItemGroup>
    <ClInclude Include="IMaterial.hpp">
      <Filter>Materials</Filter>
    </ClInclude>
    <ClInclude Include="LamberitianDiffuse.hpp">
      <Filter>Materials</Filter>
    </ClInclude>
    <ClInclude Include="Metal.hpp">
      <Filter>Materials</Filter>
    </ClInclude>
    <ClInclude Include="Dielectric.hpp">
      <Filter>Materials</Filter>
    </ClInclude>
    <ClInclude Include="Vec2.hpp">
      <Filter>Math</Filter>
    </ClInclude>
    <ClInclude Include="Vec3.hpp">
      <Filter>Math</Filter>
    </ClInclude>
    <ClInclude Include="Ray.hpp">
      <Filter>Rendering</Filter>
    </ClInclude>
    <ClInclude Include="HitRecord.hpp">
      <Filter>Rendering</Filter>
    </ClInclude>
    <ClInclude Include="HittableList.hpp">
      <Filter>Rendering</Filter>
    </ClInclude>
    <ClInclude Include="IHittable.hpp">
      <Filter>Rendering</Filter>
    </ClInclude>
    <ClInclude Include="Bitmap.hpp">
      <Filter>Image</Filter>
    </ClInclude>
    <ClInclude Include="Color.hpp">
      <Filter>Image</Filter>
    </ClInclude>
    <ClInclude Include="Camera.hpp">
      <Filter>Scene</Filter>
    </ClInclude>
    <ClInclude Include="Sphere.hpp">
      <Filter>Shapes</Filter>
    </ClInclude>
    <ClInclude Include="Constants.hpp">
      <Filter>Util</Filter>
    </ClInclude>
    <ClInclude Include="Random.hpp">
      <Filter>Util</Filter>
    </ClInclude>
    <ClInclude Include="Utils.hpp">
      <Filter>Util</Filter>
    </ClInclude>
    <ClInclude Include="MovingSphere.hpp">
      <Filter>Shapes</Filter>
    </ClInclude>
    <ClInclude Include="AxisAlignedBoundingBox.hpp">
      <Filter>Rendering</Filter>
    </ClInclude>
    <ClInclude Include="BoundingVolumeNode.hpp">
      <Filter>Rendering</Filter>
    </ClInclude>
    <ClInclude Include="ITexture.hpp">
      <Filter>Textures</Filter>
    </ClInclude>
    <ClInclude Include="ConstantTexture.hpp">
      <Filter>Textures</Filter>
    </ClInclude>
    <ClInclude Include="Perlin.hpp">
      <Filter>Noise</Filter>
    </ClInclude>
    <ClInclude Include="CheckerTexture.hpp">
      <Filter>Textures</Filter>
    </ClInclude>
    <ClInclude Include="NoiseTexture.hpp">
      <Filter>Textures</Filter>
    </ClInclude>
    <ClInclude Include="ImageTexture.hpp">
      <Filter>Textures</Filter>
    </ClInclude>
    <ClInclude Include="DiffuseLight.hpp">
      <Filter>Materials</Filter>
    </ClInclude>
    <ClInclude Include="XYRectangle.hpp">
      <Filter>Shapes</Filter>
    </ClInclude>
    <ClInclude Include="XZRectangle.hpp">
      <Filter>Shapes</Filter>
    </ClInclude>
    <ClInclude Include="YZRectangle.hpp">
      <Filter>Shapes</Filter>
    </ClInclude>
    <ClInclude Include="Box.hpp">
      <Filter>Shapes</Filter>
    </ClInclude>
    <ClInclude Include="Translate.hpp">
      <Filter>Shapes</Filter>
    </ClInclude>
    <ClInclude Include="YRotation.hpp">
      <Filter>Shapes</Filter>
    </ClInclude>
  </ItemGroup>
  <ItemGroup>
    <Filter Include="Materials">
      <UniqueIdentifier>{5cc2ea22-b5f5-4a32-b0cd-ed22b1d6eb7b}</UniqueIdentifier>
    </Filter>
    <Filter Include="Math">
      <UniqueIdentifier>{63457dd2-618a-439e-a640-5932bd0463c9}</UniqueIdentifier>
    </Filter>
    <Filter Include="Rendering">
      <UniqueIdentifier>{9e94a08e-4b8f-41ad-b92b-ed7fed8cc508}</UniqueIdentifier>
    </Filter>
    <Filter Include="Image">
      <UniqueIdentifier>{b18df81b-9aa0-4e14-a586-672f288ee9ff}</UniqueIdentifier>
    </Filter>
    <Filter Include="Scene">
      <UniqueIdentifier>{fbee36bb-f57a-4e5d-bbad-8784db4f2ed8}</UniqueIdentifier>
    </Filter>
    <Filter Include="Shapes">
      <UniqueIdentifier>{6a5d4641-26a7-480b-97b7-ef4e642871fc}</UniqueIdentifier>
    </Filter>
    <Filter Include="Util">
      <UniqueIdentifier>{acbd689f-c29a-41cf-bfe8-d5917cba8792}</UniqueIdentifier>
    </Filter>
    <Filter Include="Textures">
      <UniqueIdentifier>{52cfa63f-a996-4987-803c-0d4e69e47b64}</UniqueIdentifier>
    </Filter>
    <Filter Include="Noise">
      <UniqueIdentifier>{95d410ed-914e-448d-90b3-4af14d82b19b}</UniqueIdentifier>
    </Filter>
  </ItemGroup>
</Project>